PODS:
  - apxml (1.0)
  - PlanetXApiSDK (1.0.0):
    - w3action
  - PSFoundation (1.0.51)
  - w3action (1.3.4):
    - apxml
    - PSFoundation

DEPENDENCIES:
  - PlanetXApiSDK (from `../`)

EXTERNAL SOURCES:
  PlanetXApiSDK:
    :path: ../

SPEC CHECKSUMS:
  apxml: 0930b839c8be6734f5091f8c8889b00f7d59559c
  PlanetXApiSDK: 674338afcdfbfc6959b0972afe085cefd411849b
  PSFoundation: 8546e1ab994991c75427422309317f55088c5a79
  w3action: ef0f8a85c50a280bc5cd44f3999178c70e94e8bf

PODFILE CHECKSUM: 93ca92f97be877db94a2d20e5f720adfedb6d3d2

COCOAPODS: 1.0.0
